
Microsoft Visual Studio Solution File, Format Version 12.00
# Visual Studio Version 17
VisualStudioVersion = 17.11.35327.3
MinimumVisualStudioVersion = 10.0.40219.1
Project("{FAE04EC0-301F-11D3-BF4B-00C04F79EFBC}") = "LabTumakov", "LabTumakov\LabTumakov.csproj", "{1C8ECFCF-60A6-4C9B-825E-9D9DC6CEF603}"
EndProject
Project("{FAE04EC0-301F-11D3-BF4B-00C04F79EFBC}") = "Zadachi", "Zadachi\Zadachi.csproj", "{BA2EA6C3-2A25-48B7-AC76-C77995862FE1}"
EndProject
Global
	GlobalSection(SolutionConfigurationPlatforms) = preSolution
		Debug|Any CPU = Debug|Any CPU
		Release|Any CPU = Release|Any CPU
	EndGlobalSection
	GlobalSection(ProjectConfigurationPlatforms) = postSolution
		{1C8ECFCF-60A6-4C9B-825E-9D9DC6CEF603}.Debug|Any CPU.ActiveCfg = Debug|Any CPU
		{1C8ECFCF-60A6-4C9B-825E-9D9DC6CEF603}.Debug|Any CPU.Build.0 = Debug|Any CPU
		{1C8ECFCF-60A6-4C9B-825E-9D9DC6CEF603}.Release|Any CPU.ActiveCfg = Release|Any CPU
		{1C8ECFCF-60A6-4C9B-825E-9D9DC6CEF603}.Release|Any CPU.Build.0 = Release|Any CPU
		{BA2EA6C3-2A25-48B7-AC76-C77995862FE1}.Debug|Any CPU.ActiveCfg = Debug|Any CPU
		{BA2EA6C3-2A25-48B7-AC76-C77995862FE1}.Debug|Any CPU.Build.0 = Debug|Any CPU
		{BA2EA6C3-2A25-48B7-AC76-C77995862FE1}.Release|Any CPU.ActiveCfg = Release|Any CPU
		{BA2EA6C3-2A25-48B7-AC76-C77995862FE1}.Release|Any CPU.Build.0 = Release|Any CPU
	EndGlobalSection
	GlobalSection(SolutionProperties) = preSolution
		HideSolutionNode = FALSE
	EndGlobalSection
	GlobalSection(ExtensibilityGlobals) = postSolution
		SolutionGuid = {7DB26D64-0EA6-4496-8A69-13AE06363BA1}
	EndGlobalSection
EndGlobal
